{
  "name": "link-test",
  "version": "1.0.0",
  "lockfileVersion": 1,
  "requires": true,
  "dependencies": {
    "@hydrock/hello-world": {
      "version": "1.0.0",
      "resolved": "https://registry.npmjs.org/@hydrock/hello-world/-/hello-world-1.0.0.tgz",
      "integrity": "sha512-O+VkCfexr22qay9atfKQIS2bv5DsI+wgGBofcuUr1cYiezjJMDqNK44FPZUwHE5YpCfnBdXUFtoTJYze49vr9Q=="
    }
  }
}
